
Microsoft Visual Studio Solution File, Format Version 12.00
# Visual Studio Version 17
VisualStudioVersion = 17.8.34511.84
MinimumVisualStudioVersion = 10.0.40219.1
Project("{9A19103F-16F7-4668-BE54-9A1E7A4F7556}") = "ISPAN.Izakaya.API", "ISPAN.Izakaya.API\ISPAN.Izakaya.API.csproj", "{07ED4624-A3F5-4EAD-93A9-3EC59D8508EB}"
EndProject
Project("{9A19103F-16F7-4668-BE54-9A1E7A4F7556}") = "ISPAN.Izakaya.BLL(Service)", "ISPAN.Izakaya.BLL(Service)\ISPAN.Izakaya.BLL(Service).csproj", "{16412A93-B902-446A-8FBD-09E6618F249F}"
EndProject
Project("{9A19103F-16F7-4668-BE54-9A1E7A4F7556}") = "ISPAN.Izakaya.IBLL(IService)", "ISPAN.Izakaya.IBLL(IService)\ISPAN.Izakaya.IBLL(IService).csproj", "{E8BCEEFD-EFE7-4040-9A02-92A761D55C84}"
EndProject
Project("{9A19103F-16F7-4668-BE54-9A1E7A4F7556}") = "ISPAN.Izakaya.EFModels", "ISPAN.Izakaya.EFModels\ISPAN.Izakaya.EFModels.csproj", "{A89182CE-C786-47CF-AE9B-97BC67EC3960}"
EndProject
Project("{FAE04EC0-301F-11D3-BF4B-00C04F79EFBC}") = "Utilities", "Utilities\Utilities.csproj", "{B5ED8080-7086-4BE1-ABFF-3F1B15426FA3}"
EndProject
Global
	GlobalSection(SolutionConfigurationPlatforms) = preSolution
		Debug|Any CPU = Debug|Any CPU
		Release|Any CPU = Release|Any CPU
	EndGlobalSection
	GlobalSection(ProjectConfigurationPlatforms) = postSolution
		{07ED4624-A3F5-4EAD-93A9-3EC59D8508EB}.Debug|Any CPU.ActiveCfg = Debug|Any CPU
		{07ED4624-A3F5-4EAD-93A9-3EC59D8508EB}.Debug|Any CPU.Build.0 = Debug|Any CPU
		{07ED4624-A3F5-4EAD-93A9-3EC59D8508EB}.Release|Any CPU.ActiveCfg = Release|Any CPU
		{07ED4624-A3F5-4EAD-93A9-3EC59D8508EB}.Release|Any CPU.Build.0 = Release|Any CPU
		{16412A93-B902-446A-8FBD-09E6618F249F}.Debug|Any CPU.ActiveCfg = Debug|Any CPU
		{16412A93-B902-446A-8FBD-09E6618F249F}.Debug|Any CPU.Build.0 = Debug|Any CPU
		{16412A93-B902-446A-8FBD-09E6618F249F}.Release|Any CPU.ActiveCfg = Release|Any CPU
		{16412A93-B902-446A-8FBD-09E6618F249F}.Release|Any CPU.Build.0 = Release|Any CPU
		{E8BCEEFD-EFE7-4040-9A02-92A761D55C84}.Debug|Any CPU.ActiveCfg = Debug|Any CPU
		{E8BCEEFD-EFE7-4040-9A02-92A761D55C84}.Debug|Any CPU.Build.0 = Debug|Any CPU
		{E8BCEEFD-EFE7-4040-9A02-92A761D55C84}.Release|Any CPU.ActiveCfg = Release|Any CPU
		{E8BCEEFD-EFE7-4040-9A02-92A761D55C84}.Release|Any CPU.Build.0 = Release|Any CPU
		{A89182CE-C786-47CF-AE9B-97BC67EC3960}.Debug|Any CPU.ActiveCfg = Debug|Any CPU
		{A89182CE-C786-47CF-AE9B-97BC67EC3960}.Debug|Any CPU.Build.0 = Debug|Any CPU
		{A89182CE-C786-47CF-AE9B-97BC67EC3960}.Release|Any CPU.ActiveCfg = Release|Any CPU
		{A89182CE-C786-47CF-AE9B-97BC67EC3960}.Release|Any CPU.Build.0 = Release|Any CPU
		{B5ED8080-7086-4BE1-ABFF-3F1B15426FA3}.Debug|Any CPU.ActiveCfg = Debug|Any CPU
		{B5ED8080-7086-4BE1-ABFF-3F1B15426FA3}.Debug|Any CPU.Build.0 = Debug|Any CPU
		{B5ED8080-7086-4BE1-ABFF-3F1B15426FA3}.Release|Any CPU.ActiveCfg = Release|Any CPU
		{B5ED8080-7086-4BE1-ABFF-3F1B15426FA3}.Release|Any CPU.Build.0 = Release|Any CPU
	EndGlobalSection
	GlobalSection(SolutionProperties) = preSolution
		HideSolutionNode = FALSE
	EndGlobalSection
	GlobalSection(ExtensibilityGlobals) = postSolution
		SolutionGuid = {EDA529AA-C432-4B3C-94EB-A523C1696981}
	EndGlobalSection
EndGlobal
